// !$*UTF8*$!
{
	archiveVersion = 1;
	classes = {
	};
	objectVersion = 48;
	objects = {

/* Begin PBXBuildFile section */
		15DEEB5E529121AA4B03B553 /* Pods_PicTaggerImagga.framework in Frameworks */ = {isa = PBXBuildFile; fileRef = 3A190F22E61690FF88BDBE12 /* Pods_PicTaggerImagga.framework */; };
		63D35395208FB7F300D77FFD /* AppDelegate.swift in Sources */ = {isa = PBXBuildFile; fileRef = 63D35394208FB7F300D77FFD /* AppDelegate.swift */; };
		63D35397208FB7F300D77FFD /* ViewController.swift in Sources */ = {isa = PBXBuildFile; fileRef = 63D35396208FB7F300D77FFD /* ViewController.swift */; };
		63D3539C208FB7F300D77FFD /* Assets.xcassets in Resources */ = {isa = PBXBuildFile; fileRef = 63D3539B208FB7F300D77FFD /* Assets.xcassets */; };
		63D3539F208FB7F300D77FFD /* LaunchScreen.storyboard in Resources */ = {isa = PBXBuildFile; fileRef = 63D3539D208FB7F300D77FFD /* LaunchScreen.storyboard */; };
		63D353AB208FBAB500D77FFD /* Main.storyboard in Resources */ = {isa = PBXBuildFile; fileRef = 63D353AA208FBAB500D77FFD /* Main.storyboard */; };
		63D353B3208FC98600D77FFD /* TagTableVC.swift in Sources */ = {isa = PBXBuildFile; fileRef = 63D353B2208FC98600D77FFD /* TagTableVC.swift */; };
		63D353B5208FC9B900D77FFD /* TagVC.swift in Sources */ = {isa = PBXBuildFile; fileRef = 63D353B4208FC9B900D77FFD /* TagVC.swift */; };
		63D353B7208FCA4200D77FFD /* TagData.swift in Sources */ = {isa = PBXBuildFile; fileRef = 63D353B6208FCA4200D77FFD /* TagData.swift */; };
		63D353B9208FCA7D00D77FFD /* ImaggaRouter.swift in Sources */ = {isa = PBXBuildFile; fileRef = 63D353B8208FCA7D00D77FFD /* ImaggaRouter.swift */; };
/* End PBXBuildFile section */

/* Begin PBXFileReference section */
		2E1EA0319F3296C306E01E45 /* Pods-PicTaggerImagga.debug.xcconfig */ = {isa = PBXFileReference; includeInIndex = 1; lastKnownFileType = text.xcconfig; name = "Pods-PicTaggerImagga.debug.xcconfig"; path = "Pods/Target Support Files/Pods-PicTaggerImagga/Pods-PicTaggerImagga.debug.xcconfig"; sourceTree = "<group>"; };
		3947B1ECE721E27A4177EA01 /* Pods-PicTaggerImagga.release.xcconfig */ = {isa = PBXFileReference; includeInIndex = 1; lastKnownFileType = text.xcconfig; name = "Pods-PicTaggerImagga.release.xcconfig"; path = "Pods/Target Support Files/Pods-PicTaggerImagga/Pods-PicTaggerImagga.release.xcconfig"; sourceTree = "<group>"; };
		3A190F22E61690FF88BDBE12 /* Pods_PicTaggerImagga.framework */ = {isa = PBXFileReference; explicitFileType = wrapper.framework; includeInIndex = 0; path = Pods_PicTaggerImagga.framework; sourceTree = BUILT_PRODUCTS_DIR; };
		63D35391208FB7F300D77FFD /* PicTaggerImagga.app */ = {isa = PBXFileReference; explicitFileType = wrapper.application; includeInIndex = 0; path = PicTaggerImagga.app; sourceTree = BUILT_PRODUCTS_DIR; };
		63D35394208FB7F300D77FFD /* AppDelegate.swift */ = {isa = PBXFileReference; lastKnownFileType = sourcecode.swift; path = AppDelegate.swift; sourceTree = "<group>"; };
		63D35396208FB7F300D77FFD /* ViewController.swift */ = {isa = PBXFileReference; lastKnownFileType = sourcecode.swift; path = ViewController.swift; sourceTree = "<group>"; };
		63D3539B208FB7F300D77FFD /* Assets.xcassets */ = {isa = PBXFileReference; lastKnownFileType = folder.assetcatalog; path = Assets.xcassets; sourceTree = "<group>"; };
		63D3539E208FB7F300D77FFD /* Base */ = {isa = PBXFileReference; lastKnownFileType = file.storyboard; name = Base; path = Base.lproj/LaunchScreen.storyboard; sourceTree = "<group>"; };
		63D353A8208FB8CB00D77FFD /* Info.plist */ = {isa = PBXFileReference; fileEncoding = 4; lastKnownFileType = text.plist.xml; path = Info.plist; sourceTree = "<group>"; };
		63D353AA208FBAB500D77FFD /* Main.storyboard */ = {isa = PBXFileReference; fileEncoding = 4; lastKnownFileType = file.storyboard; path = Main.storyboard; sourceTree = "<group>"; };
		63D353B2208FC98600D77FFD /* TagTableVC.swift */ = {isa = PBXFileReference; lastKnownFileType = sourcecode.swift; path = TagTableVC.swift; sourceTree = "<group>"; };
		63D353B4208FC9B900D77FFD /* TagVC.swift */ = {isa = PBXFileReference; lastKnownFileType = sourcecode.swift; path = TagVC.swift; sourceTree = "<group>"; };
		63D353B6208FCA4200D77FFD /* TagData.swift */ = {isa = PBXFileReference; lastKnownFileType = sourcecode.swift; path = TagData.swift; sourceTree = "<group>"; };
		63D353B8208FCA7D00D77FFD /* ImaggaRouter.swift */ = {isa = PBXFileReference; lastKnownFileType = sourcecode.swift; path = ImaggaRouter.swift; sourceTree = "<group>"; };
/* End PBXFileReference section */

/* Begin PBXFrameworksBuildPhase section */
		63D3538E208FB7F300D77FFD /* Frameworks */ = {
			isa = PBXFrameworksBuildPhase;
			buildActionMask = 2147483647;
			files = (
				15DEEB5E529121AA4B03B553 /* Pods_PicTaggerImagga.framework in Frameworks */,
			);
			runOnlyForDeploymentPostprocessing = 0;
		};
/* End PBXFrameworksBuildPhase section */

/* Begin PBXGroup section */
		1FAFC24B35F3D1A5131E26CF /* Frameworks */ = {
			isa = PBXGroup;
			children = (
				3A190F22E61690FF88BDBE12 /* Pods_PicTaggerImagga.framework */,
			);
			name = Frameworks;
			sourceTree = "<group>";
		};
		4E8F8651536DC0B2FB8CE966 /* Pods */ = {
			isa = PBXGroup;
			children = (
				2E1EA0319F3296C306E01E45 /* Pods-PicTaggerImagga.debug.xcconfig */,
				3947B1ECE721E27A4177EA01 /* Pods-PicTaggerImagga.release.xcconfig */,
			);
			name = Pods;
			sourceTree = "<group>";
		};
		63D35388208FB7F300D77FFD = {
			isa = PBXGroup;
			children = (
				63D35393208FB7F300D77FFD /* PicTaggerImagga */,
				63D35392208FB7F300D77FFD /* Products */,
				4E8F8651536DC0B2FB8CE966 /* Pods */,
				1FAFC24B35F3D1A5131E26CF /* Frameworks */,
			);
			sourceTree = "<group>";
		};
		63D35392208FB7F300D77FFD /* Products */ = {
			isa = PBXGroup;
			children = (
				63D35391208FB7F300D77FFD /* PicTaggerImagga.app */,
			);
			name = Products;
			sourceTree = "<group>";
		};
		63D35393208FB7F300D77FFD /* PicTaggerImagga */ = {
			isa = PBXGroup;
			children = (
				63D35394208FB7F300D77FFD /* AppDelegate.swift */,
				63D35396208FB7F300D77FFD /* ViewController.swift */,
				63D353B2208FC98600D77FFD /* TagTableVC.swift */,
				63D353B4208FC9B900D77FFD /* TagVC.swift */,
				63D353AA208FBAB500D77FFD /* Main.storyboard */,
				63D353B6208FCA4200D77FFD /* TagData.swift */,
				63D353B8208FCA7D00D77FFD /* ImaggaRouter.swift */,
				63D3539B208FB7F300D77FFD /* Assets.xcassets */,
				63D3539D208FB7F300D77FFD /* LaunchScreen.storyboard */,
				63D353A8208FB8CB00D77FFD /* Info.plist */,
			);
			path = PicTaggerImagga;
			sourceTree = "<group>";
		};
/* End PBXGroup section */

/* Begin PBXNativeTarget section */
		63D35390208FB7F300D77FFD /* PicTaggerImagga */ = {
			isa = PBXNativeTarget;
			buildConfigurationList = 63D353A3208FB7F300D77FFD /* Build configuration list for PBXNativeTarget "PicTaggerImagga" */;
			buildPhases = (
				210A7F16ACC273D145EE76F5 /* [CP] Check Pods Manifest.lock */,
				63D3538D208FB7F300D77FFD /* Sources */,
				63D3538E208FB7F300D77FFD /* Frameworks */,
				63D3538F208FB7F300D77FFD /* Resources */,
				22C3D54EC3C9BA44AE3F4249 /* [CP] Embed Pods Frameworks */,
				34FB76DC369C5A37E92F62C6 /* [CP] Copy Pods Resources */,
			);
			buildRules = (
			);
			dependencies = (
			);
			name = PicTaggerImagga;
			productName = PicTaggerImagga;
			productReference = 63D35391208FB7F300D77FFD /* PicTaggerImagga.app */;
			productType = "com.apple.product-type.application";
		};
/* End PBXNativeTarget section */

/* Begin PBXProject section */
		63D35389208FB7F300D77FFD /* Project object */ = {
			isa = PBXProject;
			attributes = {
				LastSwiftUpdateCheck = 0920;
				LastUpgradeCheck = 0920;
				ORGANIZATIONNAME = General;
				TargetAttributes = {
					63D35390208FB7F300D77FFD = {
						CreatedOnToolsVersion = 9.2;
						ProvisioningStyle = Automatic;
					};
				};
			};
			buildConfigurationList = 63D3538C208FB7F300D77FFD /* Build configuration list for PBXProject "PicTaggerImagga" */;
			compatibilityVersion = "Xcode 8.0";
			developmentRegion = en;
			hasScannedForEncodings = 0;
			knownRegions = (
				en,
				Base,
			);
			mainGroup = 63D35388208FB7F300D77FFD;
			productRefGroup = 63D35392208FB7F300D77FFD /* Products */;
			projectDirPath = "";
			projectRoot = "";
			targets = (
				63D35390208FB7F300D77FFD /* PicTaggerImagga */,
			);
		};
/* End PBXProject section */

/* Begin PBXResourcesBuildPhase section */
		63D3538F208FB7F300D77FFD /* Resources */ = {
			isa = PBXResourcesBuildPhase;
			buildActionMask = 2147483647;
			files = (
				63D3539F208FB7F300D77FFD /* LaunchScreen.storyboard in Resources */,
				63D353AB208FBAB500D77FFD /* Main.storyboard in Resources */,
				63D3539C208FB7F300D77FFD /* Assets.xcassets in Resources */,
			);
			runOnlyForDeploymentPostprocessing = 0;
		};
/* End PBXResourcesBuildPhase section */

/* Begin PBXShellScriptBuildPhase section */
		210A7F16ACC273D145EE76F5 /* [CP] Check Pods Manifest.lock */ = {
			isa = PBXShellScriptBuildPhase;
			buildActionMask = 2147483647;
			files = (
			);
			inputPaths = (
				"${PODS_PODFILE_DIR_PATH}/Podfile.lock",
				"${PODS_ROOT}/Manifest.lock",
			);
			name = "[CP] Check Pods Manifest.lock";
			outputPaths = (
				"$(DERIVED_FILE_DIR)/Pods-PicTaggerImagga-checkManifestLockResult.txt",
			);
			runOnlyForDeploymentPostprocessing = 0;
			shellPath = /bin/sh;
			shellScript = "diff \"${PODS_PODFILE_DIR_PATH}/Podfile.lock\" \"${PODS_ROOT}/Manifest.lock\" > /dev/null\nif [ $? != 0 ] ; then\n    # print error to STDERR\n    echo \"error: The sandbox is not in sync with the Podfile.lock. Run 'pod install' or update your CocoaPods installation.\" >&2\n    exit 1\nfi\n# This output is used by Xcode 'outputs' to avoid re-running this script phase.\necho \"SUCCESS\" > \"${SCRIPT_OUTPUT_FILE_0}\"\n";
			showEnvVarsInLog = 0;
		};
		22C3D54EC3C9BA44AE3F4249 /* [CP] Embed Pods Frameworks */ = {
			isa = PBXShellScriptBuildPhase;
			buildActionMask = 2147483647;
			files = (
			);
			inputPaths = (
				"${SRCROOT}/Pods/Target Support Files/Pods-PicTaggerImagga/Pods-PicTaggerImagga-frameworks.sh",
				"${BUILT_PRODUCTS_DIR}/Alamofire/Alamofire.framework",
				"${BUILT_PRODUCTS_DIR}/SVProgressHUD/SVProgressHUD.framework",
			);
			name = "[CP] Embed Pods Frameworks";
			outputPaths = (
				"${TARGET_BUILD_DIR}/${FRAMEWORKS_FOLDER_PATH}/Alamofire.framework",
				"${TARGET_BUILD_DIR}/${FRAMEWORKS_FOLDER_PATH}/SVProgressHUD.framework",
			);
			runOnlyForDeploymentPostprocessing = 0;
			shellPath = /bin/sh;
			shellScript = "\"${SRCROOT}/Pods/Target Support Files/Pods-PicTaggerImagga/Pods-PicTaggerImagga-frameworks.sh\"\n";
			showEnvVarsInLog = 0;
		};
		34FB76DC369C5A37E92F62C6 /* [CP] Copy Pods Resources */ = {
			isa = PBXShellScriptBuildPhase;
			buildActionMask = 2147483647;
			files = (
			);
			inputPaths = (
			);
			name = "[CP] Copy Pods Resources";
			outputPaths = (
			);
			runOnlyForDeploymentPostprocessing = 0;
			shellPath = /bin/sh;
			shellScript = "\"${SRCROOT}/Pods/Target Support Files/Pods-PicTaggerImagga/Pods-PicTaggerImagga-resources.sh\"\n";
			showEnvVarsInLog = 0;
		};
/* End PBXShellScriptBuildPhase section */

/* Begin PBXSourcesBuildPhase section */
		63D3538D208FB7F300D77FFD /* Sources */ = {
			isa = PBXSourcesBuildPhase;
			buildActionMask = 2147483647;
			files = (
				63D353B3208FC98600D77FFD /* TagTableVC.swift in Sources */,
				63D353B7208FCA4200D77FFD /* TagData.swift in Sources */,
				63D35397208FB7F300D77FFD /* ViewController.swift in Sources */,
				63D35395208FB7F300D77FFD /* AppDelegate.swift in Sources */,
				63D353B9208FCA7D00D77FFD /* ImaggaRouter.swift in Sources */,
				63D353B5208FC9B900D77FFD /* TagVC.swift in Sources */,
			);
			runOnlyForDeploymentPostprocessing = 0;
		};
/* End PBXSourcesBuildPhase section */

/* Begin PBXVariantGroup section */
		63D3539D208FB7F300D77FFD /* LaunchScreen.storyboard */ = {
			isa = PBXVariantGroup;
			children = (
				63D3539E208FB7F300D77FFD /* Base */,
			);
			name = LaunchScreen.storyboard;
			sourceTree = "<group>";
		};
/* End PBXVariantGroup section */

/* Begin XCBuildConfiguration section */
		63D353A1208FB7F300D77FFD /* Debug */ = {
			isa = XCBuildConfiguration;
			buildSettings = {
				ALWAYS_SEARCH_USER_PATHS = NO;
				CLANG_ANALYZER_NONNULL = YES;
				CLANG_ANALYZER_NUMBER_OBJECT_CONVERSION = YES_AGGRESSIVE;
				CLANG_CXX_LANGUAGE_STANDARD = "gnu++14";
				CLANG_CXX_LIBRARY = "libc++";
				CLANG_ENABLE_MODULES = YES;
				CLANG_ENABLE_OBJC_ARC = YES;
				CLANG_WARN_BLOCK_CAPTURE_AUTORELEASING = YES;
				CLANG_WARN_BOOL_CONVERSION = YES;
				CLANG_WARN_COMMA = YES;
				CLANG_WARN_CONSTANT_CONVERSION = YES;
				CLANG_WARN_DIRECT_OBJC_ISA_USAGE = YES_ERROR;
				CLANG_WARN_DOCUMENTATION_COMMENTS = YES;
				CLANG_WARN_EMPTY_BODY = YES;
				CLANG_WARN_ENUM_CONVERSION = YES;
				CLANG_WARN_INFINITE_RECURSION = YES;
				CLANG_WARN_INT_CONVERSION = YES;
				CLANG_WARN_NON_LITERAL_NULL_CONVERSION = YES;
				CLANG_WARN_OBJC_LITERAL_CONVERSION = YES;
				CLANG_WARN_OBJC_ROOT_CLASS = YES_ERROR;
				CLANG_WARN_RANGE_LOOP_ANALYSIS = YES;
				CLANG_WARN_STRICT_PROTOTYPES = YES;
				CLANG_WARN_SUSPICIOUS_MOVE = YES;
				CLANG_WARN_UNGUARDED_AVAILABILITY = YES_AGGRESSIVE;
				CLANG_WARN_UNREACHABLE_CODE = YES;
				CLANG_WARN__DUPLICATE_METHOD_MATCH = YES;
				CODE_SIGN_IDENTITY = "iPhone Developer";
				COPY_PHASE_STRIP = NO;
				DEBUG_INFORMATION_FORMAT = dwarf;
				ENABLE_STRICT_OBJC_MSGSEND = YES;
				ENABLE_TESTABILITY = YES;
				GCC_C_LANGUAGE_STANDARD = gnu11;
				GCC_DYNAMIC_NO_PIC = NO;
				GCC_NO_COMMON_BLOCKS = YES;
				GCC_OPTIMIZATION_LEVEL = 0;
				GCC_PREPROCESSOR_DEFINITIONS = (
					"DEBUG=1",
					"$(inherited)",
				);
				GCC_WARN_64_TO_32_BIT_CONVERSION = YES;
				GCC_WARN_ABOUT_RETURN_TYPE = YES_ERROR;
				GCC_WARN_UNDECLARED_SELECTOR = YES;
				GCC_WARN_UNINITIALIZED_AUTOS = YES_AGGRESSIVE;
				GCC_WARN_UNUSED_FUNCTION = YES;
				GCC_WARN_UNUSED_VARIABLE = YES;
				IPHONEOS_DEPLOYMENT_TARGET = 11.2;
				MTL_ENABLE_DEBUG_INFO = YES;
				ONLY_ACTIVE_ARCH = YES;
				SDKROOT = iphoneos;
				SWIFT_ACTIVE_COMPILATION_CONDITIONS = DEBUG;
				SWIFT_OPTIMIZATION_LEVEL = "-Onone";
			};
			name = Debug;
		};
		63D353A2208FB7F300D77FFD /* Release */ = {
			isa = XCBuildConfiguration;
			buildSettings = {
				ALWAYS_SEARCH_USER_PATHS = NO;
				CLANG_ANALYZER_NONNULL = YES;
				CLANG_ANALYZER_NUMBER_OBJECT_CONVERSION = YES_AGGRESSIVE;
				CLANG_CXX_LANGUAGE_STANDARD = "gnu++14";
				CLANG_CXX_LIBRARY = "libc++";
				CLANG_ENABLE_MODULES = YES;
				CLANG_ENABLE_OBJC_ARC = YES;
				CLANG_WARN_BLOCK_CAPTURE_AUTORELEASING = YES;
				CLANG_WARN_BOOL_CONVERSION = YES;
				CLANG_WARN_COMMA = YES;
				CLANG_WARN_CONSTANT_CONVERSION = YES;
				CLANG_WARN_DIRECT_OBJC_ISA_USAGE = YES_ERROR;
				CLANG_WARN_DOCUMENTATION_COMMENTS = YES;
				CLANG_WARN_EMPTY_BODY = YES;
				CLANG_WARN_ENUM_CONVERSION = YES;
				CLANG_WARN_INFINITE_RECURSION = YES;
				CLANG_WARN_INT_CONVERSION = YES;
				CLANG_WARN_NON_LITERAL_NULL_CONVERSION = YES;
				CLANG_WARN_OBJC_LITERAL_CONVERSION = YES;
				CLANG_WARN_OBJC_ROOT_CLASS = YES_ERROR;
				CLANG_WARN_RANGE_LOOP_ANALYSIS = YES;
				CLANG_WARN_STRICT_PROTOTYPES = YES;
				CLANG_WARN_SUSPICIOUS_MOVE = YES;
				CLANG_WARN_UNGUARDED_AVAILABILITY = YES_AGGRESSIVE;
				CLANG_WARN_UNREACHABLE_CODE = YES;
				CLANG_WARN__DUPLICATE_METHOD_MATCH = YES;
				CODE_SIGN_IDENTITY = "iPhone Developer";
				COPY_PHASE_STRIP = NO;
				DEBUG_INFORMATION_FORMAT = "dwarf-with-dsym";
				ENABLE_NS_ASSERTIONS = NO;
				ENABLE_STRICT_OBJC_MSGSEND = YES;
				GCC_C_LANGUAGE_STANDARD = gnu11;
				GCC_NO_COMMON_BLOCKS = YES;
				GCC_WARN_64_TO_32_BIT_CONVERSION = YES;
				GCC_WARN_ABOUT_RETURN_TYPE = YES_ERROR;
				GCC_WARN_UNDECLARED_SELECTOR = YES;
				GCC_WARN_UNINITIALIZED_AUTOS = YES_AGGRESSIVE;
				GCC_WARN_UNUSED_FUNCTION = YES;
				GCC_WARN_UNUSED_VARIABLE = YES;
				IPHONEOS_DEPLOYMENT_TARGET = 11.2;
				MTL_ENABLE_DEBUG_INFO = NO;
				SDKROOT = iphoneos;
				SWIFT_OPTIMIZATION_LEVEL = "-Owholemodule";
				VALIDATE_PRODUCT = YES;
			};
			name = Release;
		};
		63D353A4208FB7F300D77FFD /* Debug */ = {
			isa = XCBuildConfiguration;
			baseConfigurationReference = 2E1EA0319F3296C306E01E45 /* Pods-PicTaggerImagga.debug.xcconfig */;
			buildSettings = {
				ASSETCATALOG_COMPILER_APPICON_NAME = AppIcon;
				CODE_SIGN_STYLE = Automatic;
				DEVELOPMENT_TEAM = XDA2U7EMBH;
				INFOPLIST_FILE = PicTaggerImagga/Info.plist;
				LD_RUNPATH_SEARCH_PATHS = "$(inherited) @executable_path/Frameworks";
				PRODUCT_BUNDLE_IDENTIFIER = com.example.PicTaggerImagga;
				PRODUCT_NAME = "$(TARGET_NAME)";
				SWIFT_VERSION = 4.0;
				TARGETED_DEVICE_FAMILY = "1,2";
			};
			name = Debug;
		};
		63D353A5208FB7F300D77FFD /* Release */ = {
			isa = XCBuildConfiguration;
			baseConfigurationReference = 3947B1ECE721E27A4177EA01 /* Pods-PicTaggerImagga.release.xcconfig */;
			buildSettings = {
				ASSETCATALOG_COMPILER_APPICON_NAME = AppIcon;
				CODE_SIGN_STYLE = Automatic;
				DEVELOPMENT_TEAM = XDA2U7EMBH;
				INFOPLIST_FILE = PicTaggerImagga/Info.plist;
				LD_RUNPATH_SEARCH_PATHS = "$(inherited) @executable_path/Frameworks";
				PRODUCT_BUNDLE_IDENTIFIER = com.example.PicTaggerImagga;
				PRODUCT_NAME = "$(TARGET_NAME)";
				SWIFT_VERSION = 4.0;
				TARGETED_DEVICE_FAMILY = "1,2";
			};
			name = Release;
		};
/* End XCBuildConfiguration section */

/* Begin XCConfigurationList section */
		63D3538C208FB7F300D77FFD /* Build configuration list for PBXProject "PicTaggerImagga" */ = {
			isa = XCConfigurationList;
			buildConfigurations = (
				63D353A1208FB7F300D77FFD /* Debug */,
				63D353A2208FB7F300D77FFD /* Release */,
			);
			defaultConfigurationIsVisible = 0;
			defaultConfigurationName = Release;
		};
		63D353A3208FB7F300D77FFD /* Build configuration list for PBXNativeTarget "PicTaggerImagga" */ = {
			isa = XCConfigurationList;
			buildConfigurations = (
				63D353A4208FB7F300D77FFD /* Debug */,
				63D353A5208FB7F300D77FFD /* Release */,
			);
			defaultConfigurationIsVisible = 0;
			defaultConfigurationName = Release;
		};
/* End XCConfigurationList section */
	};
	rootObject = 63D35389208FB7F300D77FFD /* Project object */;
}
